
Microsoft Visual Studio Solution File, Format Version 12.00
# Visual Studio Version 17
VisualStudioVersion = 17.14.37216.2
MinimumVisualStudioVersion = 10.0.40219.1
Project("{8BC9CEB8-8B4A-11D0-8D11-00A0C91BC942}") = "practice_work_01", "practice_work_01\practice_work_01.vcxproj", "{E4AF8B82-126F-4FB5-BE1E-98443FD0B0FC}"
EndProject
Project("{8BC9CEB8-8B4A-11D0-8D11-00A0C91BC942}") = "Homework_01", "Homework_01\Homework_01.vcxproj", "{CF06BBF0-DF9A-4204-AE0A-3B56E6C6B819}"
EndProject
Project("{8BC9CEB8-8B4A-11D0-8D11-00A0C91BC942}") = "tets", "tets\tets.vcxproj", "{D23A5E3D-F221-4E3B-A669-84C0601CDBBA}"
EndProject
Project("{8BC9CEB8-8B4A-11D0-8D11-00A0C91BC942}") = "practice_work_03", "practice_work_03\practice_work_03.vcxproj", "{C2A6A2EB-E416-4448-BBE0-C358CA001FDA}"
EndProject
Global
	GlobalSection(SolutionConfigurationPlatforms) = preSolution
		Debug|x64 = Debug|x64
		Debug|x86 = Debug|x86
		Release|x64 = Release|x64
		Release|x86 = Release|x86
	EndGlobalSection
	GlobalSection(ProjectConfigurationPlatforms) = postSolution
		{E4AF8B82-126F-4FB5-BE1E-98443FD0B0FC}.Debug|x64.ActiveCfg = Debug|x64
		{E4AF8B82-126F-4FB5-BE1E-98443FD0B0FC}.Debug|x64.Build.0 = Debug|x64
		{E4AF8B82-126F-4FB5-BE1E-98443FD0B0FC}.Debug|x86.ActiveCfg = Debug|Win32
		{E4AF8B82-126F-4FB5-BE1E-98443FD0B0FC}.Debug|x86.Build.0 = Debug|Win32
		{E4AF8B82-126F-4FB5-BE1E-98443FD0B0FC}.Release|x64.ActiveCfg = Release|x64
		{E4AF8B82-126F-4FB5-BE1E-98443FD0B0FC}.Release|x64.Build.0 = Release|x64
		{E4AF8B82-126F-4FB5-BE1E-98443FD0B0FC}.Release|x86.ActiveCfg = Release|Win32
		{E4AF8B82-126F-4FB5-BE1E-98443FD0B0FC}.Release|x86.Build.0 = Release|Win32
		{CF06BBF0-DF9A-4204-AE0A-3B56E6C6B819}.Debug|x64.ActiveCfg = Debug|x64
		{CF06BBF0-DF9A-4204-AE0A-3B56E6C6B819}.Debug|x64.Build.0 = Debug|x64
		{CF06BBF0-DF9A-4204-AE0A-3B56E6C6B819}.Debug|x86.ActiveCfg = Debug|Win32
		{CF06BBF0-DF9A-4204-AE0A-3B56E6C6B819}.Debug|x86.Build.0 = Debug|Win32
		{CF06BBF0-DF9A-4204-AE0A-3B56E6C6B819}.Release|x64.ActiveCfg = Release|x64
		{CF06BBF0-DF9A-4204-AE0A-3B56E6C6B819}.Release|x64.Build.0 = Release|x64
		{CF06BBF0-DF9A-4204-AE0A-3B56E6C6B819}.Release|x86.ActiveCfg = Release|Win32
		{CF06BBF0-DF9A-4204-AE0A-3B56E6C6B819}.Release|x86.Build.0 = Release|Win32
		{D23A5E3D-F221-4E3B-A669-84C0601CDBBA}.Debug|x64.ActiveCfg = Debug|x64
		{D23A5E3D-F221-4E3B-A669-84C0601CDBBA}.Debug|x64.Build.0 = Debug|x64
		{D23A5E3D-F221-4E3B-A669-84C0601CDBBA}.Debug|x86.ActiveCfg = Debug|Win32
		{D23A5E3D-F221-4E3B-A669-84C0601CDBBA}.Debug|x86.Build.0 = Debug|Win32
		{D23A5E3D-F221-4E3B-A669-84C0601CDBBA}.Release|x64.ActiveCfg = Release|x64
		{D23A5E3D-F221-4E3B-A669-84C0601CDBBA}.Release|x64.Build.0 = Release|x64
		{D23A5E3D-F221-4E3B-A669-84C0601CDBBA}.Release|x86.ActiveCfg = Release|Win32
		{D23A5E3D-F221-4E3B-A669-84C0601CDBBA}.Release|x86.Build.0 = Release|Win32
		{C2A6A2EB-E416-4448-BBE0-C358CA001FDA}.Debug|x64.ActiveCfg = Debug|x64
		{C2A6A2EB-E416-4448-BBE0-C358CA001FDA}.Debug|x64.Build.0 = Debug|x64
		{C2A6A2EB-E416-4448-BBE0-C358CA001FDA}.Debug|x86.ActiveCfg = Debug|Win32
		{C2A6A2EB-E416-4448-BBE0-C358CA001FDA}.Debug|x86.Build.0 = Debug|Win32
		{C2A6A2EB-E416-4448-BBE0-C358CA001FDA}.Release|x64.ActiveCfg = Release|x64
		{C2A6A2EB-E416-4448-BBE0-C358CA001FDA}.Release|x64.Build.0 = Release|x64
		{C2A6A2EB-E416-4448-BBE0-C358CA001FDA}.Release|x86.ActiveCfg = Release|Win32
		{C2A6A2EB-E416-4448-BBE0-C358CA001FDA}.Release|x86.Build.0 = Release|Win32
	EndGlobalSection
	GlobalSection(SolutionProperties) = preSolution
		HideSolutionNode = FALSE
	EndGlobalSection
	GlobalSection(ExtensibilityGlobals) = postSolution
		SolutionGuid = {2960B247-A093-42DB-B6D2-FD375EA01A7F}
	EndGlobalSection
EndGlobal
